
Microsoft Visual Studio Solution File, Format Version 12.00
# Visual Studio Version 16
VisualStudioVersion = 16.0.31019.35
MinimumVisualStudioVersion = 10.0.40219.1
Project("{FAE04EC0-301F-11D3-BF4B-00C04F79EFBC}") = "MarketServer", "MarketServer\MarketServer.csproj", "{7F9A40AC-E83D-4455-939A-0C1E6DB12BC2}"
EndProject
Global
	GlobalSection(SolutionConfigurationPlatforms) = preSolution
		Debug|Any CPU = Debug|Any CPU
		Release|Any CPU = Release|Any CPU
	EndGlobalSection
	GlobalSection(ProjectConfigurationPlatforms) = postSolution
		{7F9A40AC-E83D-4455-939A-0C1E6DB12BC2}.Debug|Any CPU.ActiveCfg = Debug|Any CPU
		{7F9A40AC-E83D-4455-939A-0C1E6DB12BC2}.Debug|Any CPU.Build.0 = Debug|Any CPU
		{7F9A40AC-E83D-4455-939A-0C1E6DB12BC2}.Release|Any CPU.ActiveCfg = Release|Any CPU
		{7F9A40AC-E83D-4455-939A-0C1E6DB12BC2}.Release|Any CPU.Build.0 = Release|Any CPU
	EndGlobalSection
	GlobalSection(SolutionProperties) = preSolution
		HideSolutionNode = FALSE
	EndGlobalSection
	GlobalSection(ExtensibilityGlobals) = postSolution
		SolutionGuid = {0698CE70-0448-47E3-B9A6-F59F4A793842}
	EndGlobalSection
EndGlobal
